
Microsoft Visual Studio Solution File, Format Version 12.00
# Visual Studio Version 16
VisualStudioVersion = 16.0.32630.194
MinimumVisualStudioVersion = 10.0.40219.1
Project("{FAE04EC0-301F-11D3-BF4B-00C04F79EFBC}") = "XSSFinder", "XSSFinder\XSSFinder.csproj", "{0E8626A1-2B12-49AF-BB19-0A95C0D6BD2A}"
EndProject
Global
	GlobalSection(SolutionConfigurationPlatforms) = preSolution
		Debug|Any CPU = Debug|Any CPU
		Release|Any CPU = Release|Any CPU
	EndGlobalSection
	GlobalSection(ProjectConfigurationPlatforms) = postSolution
		{0E8626A1-2B12-49AF-BB19-0A95C0D6BD2A}.Debug|Any CPU.ActiveCfg = Debug|Any CPU
		{0E8626A1-2B12-49AF-BB19-0A95C0D6BD2A}.Debug|Any CPU.Build.0 = Debug|Any CPU
		{0E8626A1-2B12-49AF-BB19-0A95C0D6BD2A}.Release|Any CPU.ActiveCfg = Release|Any CPU
		{0E8626A1-2B12-49AF-BB19-0A95C0D6BD2A}.Release|Any CPU.Build.0 = Release|Any CPU
	EndGlobalSection
	GlobalSection(SolutionProperties) = preSolution
		HideSolutionNode = FALSE
	EndGlobalSection
	GlobalSection(ExtensibilityGlobals) = postSolution
		SolutionGuid = {2EE00AAD-0211-438F-B848-0AE28AB04500}
	EndGlobalSection
EndGlobal
